// !$*UTF8*$!
{
	archiveVersion = 1;
	classes = {
	};
	objectVersion = 56;
	objects = {

/* Begin PBXBuildFile section */
		47AFAD29293A7F1700D914F3 /* GenArchEnum.cpp in Sources */ = {isa = PBXBuildFile; fileRef = 47AFAD1D293A7F1700D914F3 /* GenArchEnum.cpp */; };
		47AFAD2A293A7F1700D914F3 /* main.cpp in Sources */ = {isa = PBXBuildFile; fileRef = 47AFAD1F293A7F1700D914F3 /* main.cpp */; };
		47AFAD2B293A7F1700D914F3 /* BoardDesign.cpp in Sources */ = {isa = PBXBuildFile; fileRef = 47AFAD21293A7F1700D914F3 /* BoardDesign.cpp */; };
		47AFAD2C293A7F1700D914F3 /* Processor.cpp in Sources */ = {isa = PBXBuildFile; fileRef = 47AFAD24293A7F1700D914F3 /* Processor.cpp */; };
		47AFAD2D293A7F1700D914F3 /* GPU.cpp in Sources */ = {isa = PBXBuildFile; fileRef = 47AFAD27293A7F1700D914F3 /* GPU.cpp */; };
/* End PBXBuildFile section */

/* Begin PBXCopyFilesBuildPhase section */
		47AFAD10293A7ED800D914F3 /* CopyFiles */ = {
			isa = PBXCopyFilesBuildPhase;
			buildActionMask = 2147483647;
			dstPath = /usr/share/man/man1/;
			dstSubfolderSpec = 0;
			files = (
			);
			runOnlyForDeploymentPostprocessing = 1;
		};
/* End PBXCopyFilesBuildPhase section */

/* Begin PBXFileReference section */
		47AFAD12293A7ED800D914F3 /* 222_Project */ = {isa = PBXFileReference; explicitFileType = "compiled.mach-o.executable"; includeInIndex = 0; path = 222_Project; sourceTree = BUILT_PRODUCTS_DIR; };
		47AFAD1C293A7F1700D914F3 /* CS_222_Project.vcxproj */ = {isa = PBXFileReference; fileEncoding = 4; lastKnownFileType = text.xml; name = CS_222_Project.vcxproj; path = ../../CS_222_Project.vcxproj; sourceTree = "<group>"; };
		47AFAD1D293A7F1700D914F3 /* GenArchEnum.cpp */ = {isa = PBXFileReference; fileEncoding = 4; lastKnownFileType = sourcecode.cpp.cpp; name = GenArchEnum.cpp; path = ../../GenArchEnum.cpp; sourceTree = "<group>"; };
		47AFAD1E293A7F1700D914F3 /* GPU.h */ = {isa = PBXFileReference; fileEncoding = 4; lastKnownFileType = sourcecode.c.h; name = GPU.h; path = ../../GPU.h; sourceTree = "<group>"; };
		47AFAD1F293A7F1700D914F3 /* main.cpp */ = {isa = PBXFileReference; fileEncoding = 4; lastKnownFileType = sourcecode.cpp.cpp; name = main.cpp; path = ../../main.cpp; sourceTree = "<group>"; };
		47AFAD20293A7F1700D914F3 /* Processor.h */ = {isa = PBXFileReference; fileEncoding = 4; lastKnownFileType = sourcecode.c.h; name = Processor.h; path = ../../Processor.h; sourceTree = "<group>"; };
		47AFAD21293A7F1700D914F3 /* BoardDesign.cpp */ = {isa = PBXFileReference; fileEncoding = 4; lastKnownFileType = sourcecode.cpp.cpp; name = BoardDesign.cpp; path = ../../BoardDesign.cpp; sourceTree = "<group>"; };
		47AFAD22293A7F1700D914F3 /* README.md */ = {isa = PBXFileReference; fileEncoding = 4; lastKnownFileType = net.daringfireball.markdown; name = README.md; path = ../../README.md; sourceTree = "<group>"; };
		47AFAD23293A7F1700D914F3 /* BoardDesign.h */ = {isa = PBXFileReference; fileEncoding = 4; lastKnownFileType = sourcecode.c.h; name = BoardDesign.h; path = ../../BoardDesign.h; sourceTree = "<group>"; };
		47AFAD24293A7F1700D914F3 /* Processor.cpp */ = {isa = PBXFileReference; fileEncoding = 4; lastKnownFileType = sourcecode.cpp.cpp; name = Processor.cpp; path = ../../Processor.cpp; sourceTree = "<group>"; };
		47AFAD25293A7F1700D914F3 /* GenArchEnum.h */ = {isa = PBXFileReference; fileEncoding = 4; lastKnownFileType = sourcecode.c.h; name = GenArchEnum.h; path = ../../GenArchEnum.h; sourceTree = "<group>"; };
		47AFAD26293A7F1700D914F3 /* CS_222_Project.sln */ = {isa = PBXFileReference; fileEncoding = 4; lastKnownFileType = text; name = CS_222_Project.sln; path = ../../CS_222_Project.sln; sourceTree = "<group>"; };
		47AFAD27293A7F1700D914F3 /* GPU.cpp */ = {isa = PBXFileReference; fileEncoding = 4; lastKnownFileType = sourcecode.cpp.cpp; name = GPU.cpp; path = ../../GPU.cpp; sourceTree = "<group>"; };
		47AFAD28293A7F1700D914F3 /* CS_222_Project.vcxproj.filters */ = {isa = PBXFileReference; fileEncoding = 4; lastKnownFileType = text.xml; name = CS_222_Project.vcxproj.filters; path = ../../CS_222_Project.vcxproj.filters; sourceTree = "<group>"; };
		47AFAD32293A8BE500D914F3 /* LinkyListy.hpp */ = {isa = PBXFileReference; lastKnownFileType = sourcecode.cpp.h; path = LinkyListy.hpp; sourceTree = "<group>"; };
/* End PBXFileReference section */

/* Begin PBXFrameworksBuildPhase section */
		47AFAD0F293A7ED800D914F3 /* Frameworks */ = {
			isa = PBXFrameworksBuildPhase;
			buildActionMask = 2147483647;
			files = (
			);
			runOnlyForDeploymentPostprocessing = 0;
		};
/* End PBXFrameworksBuildPhase section */

/* Begin PBXGroup section */
		47AFAD09293A7ED800D914F3 = {
			isa = PBXGroup;
			children = (
				47AFAD14293A7ED800D914F3 /* 222_Project */,
				47AFAD13293A7ED800D914F3 /* Products */,
			);
			sourceTree = "<group>";
		};
		47AFAD13293A7ED800D914F3 /* Products */ = {
			isa = PBXGroup;
			children = (
				47AFAD12293A7ED800D914F3 /* 222_Project */,
			);
			name = Products;
			sourceTree = "<group>";
		};
		47AFAD14293A7ED800D914F3 /* 222_Project */ = {
			isa = PBXGroup;
			children = (
				47AFAD21293A7F1700D914F3 /* BoardDesign.cpp */,
				47AFAD23293A7F1700D914F3 /* BoardDesign.h */,
				47AFAD26293A7F1700D914F3 /* CS_222_Project.sln */,
				47AFAD1C293A7F1700D914F3 /* CS_222_Project.vcxproj */,
				47AFAD28293A7F1700D914F3 /* CS_222_Project.vcxproj.filters */,
				47AFAD1D293A7F1700D914F3 /* GenArchEnum.cpp */,
				47AFAD25293A7F1700D914F3 /* GenArchEnum.h */,
				47AFAD27293A7F1700D914F3 /* GPU.cpp */,
				47AFAD1E293A7F1700D914F3 /* GPU.h */,
				47AFAD1F293A7F1700D914F3 /* main.cpp */,
				47AFAD24293A7F1700D914F3 /* Processor.cpp */,
				47AFAD20293A7F1700D914F3 /* Processor.h */,
				47AFAD22293A7F1700D914F3 /* README.md */,
				47AFAD32293A8BE500D914F3 /* LinkyListy.hpp */,
			);
			path = 222_Project;
			sourceTree = "<group>";
		};
/* End PBXGroup section */

/* Begin PBXNativeTarget section */
		47AFAD11293A7ED800D914F3 /* 222_Project */ = {
			isa = PBXNativeTarget;
			buildConfigurationList = 47AFAD19293A7ED800D914F3 /* Build configuration list for PBXNativeTarget "222_Project" */;
			buildPhases = (
				47AFAD0E293A7ED800D914F3 /* Sources */,
				47AFAD0F293A7ED800D914F3 /* Frameworks */,
				47AFAD10293A7ED800D914F3 /* CopyFiles */,
			);
			buildRules = (
			);
			dependencies = (
			);
			name = 222_Project;
			productName = 222_Project;
			productReference = 47AFAD12293A7ED800D914F3 /* 222_Project */;
			productType = "com.apple.product-type.tool";
		};
/* End PBXNativeTarget section */

/* Begin PBXProject section */
		47AFAD0A293A7ED800D914F3 /* Project object */ = {
			isa = PBXProject;
			attributes = {
				BuildIndependentTargetsInParallel = 1;
				LastUpgradeCheck = 1410;
				TargetAttributes = {
					47AFAD11293A7ED800D914F3 = {
						CreatedOnToolsVersion = 14.1;
					};
				};
			};
			buildConfigurationList = 47AFAD0D293A7ED800D914F3 /* Build configuration list for PBXProject "222_Project" */;
			compatibilityVersion = "Xcode 14.0";
			developmentRegion = en;
			hasScannedForEncodings = 0;
			knownRegions = (
				en,
				Base,
			);
			mainGroup = 47AFAD09293A7ED800D914F3;
			productRefGroup = 47AFAD13293A7ED800D914F3 /* Products */;
			projectDirPath = "";
			projectRoot = "";
			targets = (
				47AFAD11293A7ED800D914F3 /* 222_Project */,
			);
		};
/* End PBXProject section */

/* Begin PBXSourcesBuildPhase section */
		47AFAD0E293A7ED800D914F3 /* Sources */ = {
			isa = PBXSourcesBuildPhase;
			buildActionMask = 2147483647;
			files = (
				47AFAD2D293A7F1700D914F3 /* GPU.cpp in Sources */,
				47AFAD29293A7F1700D914F3 /* GenArchEnum.cpp in Sources */,
				47AFAD2C293A7F1700D914F3 /* Processor.cpp in Sources */,
				47AFAD2B293A7F1700D914F3 /* BoardDesign.cpp in Sources */,
				47AFAD2A293A7F1700D914F3 /* main.cpp in Sources */,
			);
			runOnlyForDeploymentPostprocessing = 0;
		};
/* End PBXSourcesBuildPhase section */

/* Begin XCBuildConfiguration section */
		47AFAD17293A7ED800D914F3 /* Debug */ = {
			isa = XCBuildConfiguration;
			buildSettings = {
				ALWAYS_SEARCH_USER_PATHS = NO;
				CLANG_ANALYZER_NONNULL = YES;
				CLANG_ANALYZER_NUMBER_OBJECT_CONVERSION = YES_AGGRESSIVE;
				CLANG_CXX_LANGUAGE_STANDARD = "gnu++20";
				CLANG_ENABLE_MODULES = YES;
				CLANG_ENABLE_OBJC_ARC = YES;
				CLANG_ENABLE_OBJC_WEAK = YES;
				CLANG_WARN_BLOCK_CAPTURE_AUTORELEASING = YES;
				CLANG_WARN_BOOL_CONVERSION = YES;
				CLANG_WARN_COMMA = YES;
				CLANG_WARN_CONSTANT_CONVERSION = YES;
				CLANG_WARN_DEPRECATED_OBJC_IMPLEMENTATIONS = YES;
				CLANG_WARN_DIRECT_OBJC_ISA_USAGE = YES_ERROR;
				CLANG_WARN_DOCUMENTATION_COMMENTS = YES;
				CLANG_WARN_EMPTY_BODY = YES;
				CLANG_WARN_ENUM_CONVERSION = YES;
				CLANG_WARN_INFINITE_RECURSION = YES;
				CLANG_WARN_INT_CONVERSION = YES;
				CLANG_WARN_NON_LITERAL_NULL_CONVERSION = YES;
				CLANG_WARN_OBJC_IMPLICIT_RETAIN_SELF = YES;
				CLANG_WARN_OBJC_LITERAL_CONVERSION = YES;
				CLANG_WARN_OBJC_ROOT_CLASS = YES_ERROR;
				CLANG_WARN_QUOTED_INCLUDE_IN_FRAMEWORK_HEADER = YES;
				CLANG_WARN_RANGE_LOOP_ANALYSIS = YES;
				CLANG_WARN_STRICT_PROTOTYPES = YES;
				CLANG_WARN_SUSPICIOUS_MOVE = YES;
				CLANG_WARN_UNGUARDED_AVAILABILITY = YES_AGGRESSIVE;
				CLANG_WARN_UNREACHABLE_CODE = YES;
				CLANG_WARN__DUPLICATE_METHOD_MATCH = YES;
				COPY_PHASE_STRIP = NO;
				DEBUG_INFORMATION_FORMAT = dwarf;
				ENABLE_STRICT_OBJC_MSGSEND = YES;
				ENABLE_TESTABILITY = YES;
				GCC_C_LANGUAGE_STANDARD = gnu11;
				GCC_DYNAMIC_NO_PIC = NO;
				GCC_NO_COMMON_BLOCKS = YES;
				GCC_OPTIMIZATION_LEVEL = 0;
				GCC_PREPROCESSOR_DEFINITIONS = (
					"DEBUG=1",
					"$(inherited)",
				);
				GCC_WARN_64_TO_32_BIT_CONVERSION = YES;
				GCC_WARN_ABOUT_RETURN_TYPE = YES_ERROR;
				GCC_WARN_UNDECLARED_SELECTOR = YES;
				GCC_WARN_UNINITIALIZED_AUTOS = YES_AGGRESSIVE;
				GCC_WARN_UNUSED_FUNCTION = YES;
				GCC_WARN_UNUSED_VARIABLE = YES;
				MACOSX_DEPLOYMENT_TARGET = 13.0;
				MTL_ENABLE_DEBUG_INFO = INCLUDE_SOURCE;
				MTL_FAST_MATH = YES;
				ONLY_ACTIVE_ARCH = YES;
				SDKROOT = macosx;
			};
			name = Debug;
		};
		47AFAD18293A7ED800D914F3 /* Release */ = {
			isa = XCBuildConfiguration;
			buildSettings = {
				ALWAYS_SEARCH_USER_PATHS = NO;
				CLANG_ANALYZER_NONNULL = YES;
				CLANG_ANALYZER_NUMBER_OBJECT_CONVERSION = YES_AGGRESSIVE;
				CLANG_CXX_LANGUAGE_STANDARD = "gnu++20";
				CLANG_ENABLE_MODULES = YES;
				CLANG_ENABLE_OBJC_ARC = YES;
				CLANG_ENABLE_OBJC_WEAK = YES;
				CLANG_WARN_BLOCK_CAPTURE_AUTORELEASING = YES;
				CLANG_WARN_BOOL_CONVERSION = YES;
				CLANG_WARN_COMMA = YES;
				CLANG_WARN_CONSTANT_CONVERSION = YES;
				CLANG_WARN_DEPRECATED_OBJC_IMPLEMENTATIONS = YES;
				CLANG_WARN_DIRECT_OBJC_ISA_USAGE = YES_ERROR;
				CLANG_WARN_DOCUMENTATION_COMMENTS = YES;
				CLANG_WARN_EMPTY_BODY = YES;
				CLANG_WARN_ENUM_CONVERSION = YES;
				CLANG_WARN_INFINITE_RECURSION = YES;
				CLANG_WARN_INT_CONVERSION = YES;
				CLANG_WARN_NON_LITERAL_NULL_CONVERSION = YES;
				CLANG_WARN_OBJC_IMPLICIT_RETAIN_SELF = YES;
				CLANG_WARN_OBJC_LITERAL_CONVERSION = YES;
				CLANG_WARN_OBJC_ROOT_CLASS = YES_ERROR;
				CLANG_WARN_QUOTED_INCLUDE_IN_FRAMEWORK_HEADER = YES;
				CLANG_WARN_RANGE_LOOP_ANALYSIS = YES;
				CLANG_WARN_STRICT_PROTOTYPES = YES;
				CLANG_WARN_SUSPICIOUS_MOVE = YES;
				CLANG_WARN_UNGUARDED_AVAILABILITY = YES_AGGRESSIVE;
				CLANG_WARN_UNREACHABLE_CODE = YES;
				CLANG_WARN__DUPLICATE_METHOD_MATCH = YES;
				COPY_PHASE_STRIP = NO;
				DEBUG_INFORMATION_FORMAT = "dwarf-with-dsym";
				ENABLE_NS_ASSERTIONS = NO;
				ENABLE_STRICT_OBJC_MSGSEND = YES;
				GCC_C_LANGUAGE_STANDARD = gnu11;
				GCC_NO_COMMON_BLOCKS = YES;
				GCC_WARN_64_TO_32_BIT_CONVERSION = YES;
				GCC_WARN_ABOUT_RETURN_TYPE = YES_ERROR;
				GCC_WARN_UNDECLARED_SELECTOR = YES;
				GCC_WARN_UNINITIALIZED_AUTOS = YES_AGGRESSIVE;
				GCC_WARN_UNUSED_FUNCTION = YES;
				GCC_WARN_UNUSED_VARIABLE = YES;
				MACOSX_DEPLOYMENT_TARGET = 13.0;
				MTL_ENABLE_DEBUG_INFO = NO;
				MTL_FAST_MATH = YES;
				SDKROOT = macosx;
			};
			name = Release;
		};
		47AFAD1A293A7ED800D914F3 /* Debug */ = {
			isa = XCBuildConfiguration;
			buildSettings = {
				CODE_SIGN_STYLE = Automatic;
				PRODUCT_NAME = "$(TARGET_NAME)";
			};
			name = Debug;
		};
		47AFAD1B293A7ED800D914F3 /* Release */ = {
			isa = XCBuildConfiguration;
			buildSettings = {
				CODE_SIGN_STYLE = Automatic;
				PRODUCT_NAME = "$(TARGET_NAME)";
			};
			name = Release;
		};
/* End XCBuildConfiguration section */

/* Begin XCConfigurationList section */
		47AFAD0D293A7ED800D914F3 /* Build configuration list for PBXProject "222_Project" */ = {
			isa = XCConfigurationList;
			buildConfigurations = (
				47AFAD17293A7ED800D914F3 /* Debug */,
				47AFAD18293A7ED800D914F3 /* Release */,
			);
			defaultConfigurationIsVisible = 0;
			defaultConfigurationName = Release;
		};
		47AFAD19293A7ED800D914F3 /* Build configuration list for PBXNativeTarget "222_Project" */ = {
			isa = XCConfigurationList;
			buildConfigurations = (
				47AFAD1A293A7ED800D914F3 /* Debug */,
				47AFAD1B293A7ED800D914F3 /* Release */,
			);
			defaultConfigurationIsVisible = 0;
			defaultConfigurationName = Release;
		};
/* End XCConfigurationList section */
	};
	rootObject = 47AFAD0A293A7ED800D914F3 /* Project object */;
}
